// !$*UTF8*$!
{
	archiveVersion = 1;
	classes = {
	};
	objectVersion = 51;
	objects = {

/* Begin PBXBuildFile section */
		71947C347D89C7D3535B0BC8 /* Pods_recipe.framework in Frameworks */ = {isa = PBXBuildFile; fileRef = 55C95B470926D7E9E091F465 /* Pods_recipe.framework */; };
		9285DF0B25AFC07F00E4AD2C /* User.swift in Sources */ = {isa = PBXBuildFile; fileRef = 9285DF0A25AFC07F00E4AD2C /* User.swift */; };
		9285DF1325AFC21800E4AD2C /* Network.swift in Sources */ = {isa = PBXBuildFile; fileRef = 9285DF1225AFC21800E4AD2C /* Network.swift */; };
		928B410225AF8F6300F0634E /* AppDelegate.swift in Sources */ = {isa = PBXBuildFile; fileRef = 928B410125AF8F6300F0634E /* AppDelegate.swift */; };
		928B410425AF8F6300F0634E /* SceneDelegate.swift in Sources */ = {isa = PBXBuildFile; fileRef = 928B410325AF8F6300F0634E /* SceneDelegate.swift */; };
		928B410625AF8F6300F0634E /* ViewController.swift in Sources */ = {isa = PBXBuildFile; fileRef = 928B410525AF8F6300F0634E /* ViewController.swift */; };
		928B410925AF8F6300F0634E /* Main.storyboard in Resources */ = {isa = PBXBuildFile; fileRef = 928B410725AF8F6300F0634E /* Main.storyboard */; };
		928B410B25AF8F6500F0634E /* Assets.xcassets in Resources */ = {isa = PBXBuildFile; fileRef = 928B410A25AF8F6500F0634E /* Assets.xcassets */; };
		928B410E25AF8F6500F0634E /* LaunchScreen.storyboard in Resources */ = {isa = PBXBuildFile; fileRef = 928B410C25AF8F6500F0634E /* LaunchScreen.storyboard */; };
		928B411925AF8F6600F0634E /* recipeTests.swift in Sources */ = {isa = PBXBuildFile; fileRef = 928B411825AF8F6600F0634E /* recipeTests.swift */; };
		928B412425AF8F6600F0634E /* recipeUITests.swift in Sources */ = {isa = PBXBuildFile; fileRef = 928B412325AF8F6600F0634E /* recipeUITests.swift */; };
		929A073B25B1016B00C47264 /* LoginViewController.swift in Sources */ = {isa = PBXBuildFile; fileRef = 929A073925B1016B00C47264 /* LoginViewController.swift */; };
		929A073C25B1016B00C47264 /* LoginViewController.xib in Resources */ = {isa = PBXBuildFile; fileRef = 929A073A25B1016B00C47264 /* LoginViewController.xib */; };
		929A074225B1018B00C47264 /* RegisterViewController.swift in Sources */ = {isa = PBXBuildFile; fileRef = 929A074025B1018B00C47264 /* RegisterViewController.swift */; };
		929A074325B1018C00C47264 /* RegisterViewController.xib in Resources */ = {isa = PBXBuildFile; fileRef = 929A074125B1018B00C47264 /* RegisterViewController.xib */; };
		92BEEADC25AFB1F700D39411 /* GoogleService-Info.plist in Resources */ = {isa = PBXBuildFile; fileRef = 92BEEADB25AFB1F700D39411 /* GoogleService-Info.plist */; };
		A1FD8FB0348CB6A159338577 /* Pods_recipe_recipeUITests.framework in Frameworks */ = {isa = PBXBuildFile; fileRef = 167E64865996315C8497CD07 /* Pods_recipe_recipeUITests.framework */; };
		F1384E10E0F97BE36AF6F739 /* Pods_recipeTests.framework in Frameworks */ = {isa = PBXBuildFile; fileRef = DB366D72DB643149F4D0617B /* Pods_recipeTests.framework */; };
/* End PBXBuildFile section */

/* Begin PBXContainerItemProxy section */
		928B411525AF8F6600F0634E /* PBXContainerItemProxy */ = {
			isa = PBXContainerItemProxy;
			containerPortal = 928B40F625AF8F6300F0634E /* Project object */;
			proxyType = 1;
			remoteGlobalIDString = 928B40FD25AF8F6300F0634E;
			remoteInfo = recipe;
		};
		928B412025AF8F6600F0634E /* PBXContainerItemProxy */ = {
			isa = PBXContainerItemProxy;
			containerPortal = 928B40F625AF8F6300F0634E /* Project object */;
			proxyType = 1;
			remoteGlobalIDString = 928B40FD25AF8F6300F0634E;
			remoteInfo = recipe;
		};
/* End PBXContainerItemProxy section */

/* Begin PBXFileReference section */
		167E64865996315C8497CD07 /* Pods_recipe_recipeUITests.framework */ = {isa = PBXFileReference; explicitFileType = wrapper.framework; includeInIndex = 0; path = Pods_recipe_recipeUITests.framework; sourceTree = BUILT_PRODUCTS_DIR; };
		3368204A22693218DB104268 /* Pods-recipeTests.release.xcconfig */ = {isa = PBXFileReference; includeInIndex = 1; lastKnownFileType = text.xcconfig; name = "Pods-recipeTests.release.xcconfig"; path = "Target Support Files/Pods-recipeTests/Pods-recipeTests.release.xcconfig"; sourceTree = "<group>"; };
		3AFC78D9C7C18BD7773F068F /* Pods-recipe.debug.xcconfig */ = {isa = PBXFileReference; includeInIndex = 1; lastKnownFileType = text.xcconfig; name = "Pods-recipe.debug.xcconfig"; path = "Target Support Files/Pods-recipe/Pods-recipe.debug.xcconfig"; sourceTree = "<group>"; };
		55C95B470926D7E9E091F465 /* Pods_recipe.framework */ = {isa = PBXFileReference; explicitFileType = wrapper.framework; includeInIndex = 0; path = Pods_recipe.framework; sourceTree = BUILT_PRODUCTS_DIR; };
		5FD63BAB3A6C5CC840510DEC /* Pods-recipe.release.xcconfig */ = {isa = PBXFileReference; includeInIndex = 1; lastKnownFileType = text.xcconfig; name = "Pods-recipe.release.xcconfig"; path = "Target Support Files/Pods-recipe/Pods-recipe.release.xcconfig"; sourceTree = "<group>"; };
		810E49942A30D1F7663B4A6F /* Pods-recipeTests.debug.xcconfig */ = {isa = PBXFileReference; includeInIndex = 1; lastKnownFileType = text.xcconfig; name = "Pods-recipeTests.debug.xcconfig"; path = "Target Support Files/Pods-recipeTests/Pods-recipeTests.debug.xcconfig"; sourceTree = "<group>"; };
		9285DF0A25AFC07F00E4AD2C /* User.swift */ = {isa = PBXFileReference; lastKnownFileType = sourcecode.swift; path = User.swift; sourceTree = "<group>"; };
		9285DF1225AFC21800E4AD2C /* Network.swift */ = {isa = PBXFileReference; lastKnownFileType = sourcecode.swift; path = Network.swift; sourceTree = "<group>"; };
		928B40FE25AF8F6300F0634E /* recipe.app */ = {isa = PBXFileReference; explicitFileType = wrapper.application; includeInIndex = 0; path = recipe.app; sourceTree = BUILT_PRODUCTS_DIR; };
		928B410125AF8F6300F0634E /* AppDelegate.swift */ = {isa = PBXFileReference; lastKnownFileType = sourcecode.swift; path = AppDelegate.swift; sourceTree = "<group>"; };
		928B410325AF8F6300F0634E /* SceneDelegate.swift */ = {isa = PBXFileReference; lastKnownFileType = sourcecode.swift; path = SceneDelegate.swift; sourceTree = "<group>"; };
		928B410525AF8F6300F0634E /* ViewController.swift */ = {isa = PBXFileReference; lastKnownFileType = sourcecode.swift; path = ViewController.swift; sourceTree = "<group>"; };
		928B410825AF8F6300F0634E /* Base */ = {isa = PBXFileReference; lastKnownFileType = file.storyboard; name = Base; path = Base.lproj/Main.storyboard; sourceTree = "<group>"; };
		928B410A25AF8F6500F0634E /* Assets.xcassets */ = {isa = PBXFileReference; lastKnownFileType = folder.assetcatalog; path = Assets.xcassets; sourceTree = "<group>"; };
		928B410D25AF8F6500F0634E /* Base */ = {isa = PBXFileReference; lastKnownFileType = file.storyboard; name = Base; path = Base.lproj/LaunchScreen.storyboard; sourceTree = "<group>"; };
		928B410F25AF8F6500F0634E /* Info.plist */ = {isa = PBXFileReference; lastKnownFileType = text.plist.xml; path = Info.plist; sourceTree = "<group>"; };
		928B411425AF8F6600F0634E /* recipeTests.xctest */ = {isa = PBXFileReference; explicitFileType = wrapper.cfbundle; includeInIndex = 0; path = recipeTests.xctest; sourceTree = BUILT_PRODUCTS_DIR; };
		928B411825AF8F6600F0634E /* recipeTests.swift */ = {isa = PBXFileReference; lastKnownFileType = sourcecode.swift; path = recipeTests.swift; sourceTree = "<group>"; };
		928B411A25AF8F6600F0634E /* Info.plist */ = {isa = PBXFileReference; lastKnownFileType = text.plist.xml; path = Info.plist; sourceTree = "<group>"; };
		928B411F25AF8F6600F0634E /* recipeUITests.xctest */ = {isa = PBXFileReference; explicitFileType = wrapper.cfbundle; includeInIndex = 0; path = recipeUITests.xctest; sourceTree = BUILT_PRODUCTS_DIR; };
		928B412325AF8F6600F0634E /* recipeUITests.swift */ = {isa = PBXFileReference; lastKnownFileType = sourcecode.swift; path = recipeUITests.swift; sourceTree = "<group>"; };
		928B412525AF8F6600F0634E /* Info.plist */ = {isa = PBXFileReference; lastKnownFileType = text.plist.xml; path = Info.plist; sourceTree = "<group>"; };
		929A073925B1016B00C47264 /* LoginViewController.swift */ = {isa = PBXFileReference; lastKnownFileType = sourcecode.swift; path = LoginViewController.swift; sourceTree = "<group>"; };
		929A073A25B1016B00C47264 /* LoginViewController.xib */ = {isa = PBXFileReference; lastKnownFileType = file.xib; path = LoginViewController.xib; sourceTree = "<group>"; };
		929A074025B1018B00C47264 /* RegisterViewController.swift */ = {isa = PBXFileReference; lastKnownFileType = sourcecode.swift; path = RegisterViewController.swift; sourceTree = "<group>"; };
		929A074125B1018B00C47264 /* RegisterViewController.xib */ = {isa = PBXFileReference; lastKnownFileType = file.xib; path = RegisterViewController.xib; sourceTree = "<group>"; };
		92BEEADB25AFB1F700D39411 /* GoogleService-Info.plist */ = {isa = PBXFileReference; fileEncoding = 4; lastKnownFileType = text.plist.xml; path = "GoogleService-Info.plist"; sourceTree = "<group>"; };
		B3A555153B7166A0C07FB122 /* Pods-recipe-recipeUITests.debug.xcconfig */ = {isa = PBXFileReference; includeInIndex = 1; lastKnownFileType = text.xcconfig; name = "Pods-recipe-recipeUITests.debug.xcconfig"; path = "Target Support Files/Pods-recipe-recipeUITests/Pods-recipe-recipeUITests.debug.xcconfig"; sourceTree = "<group>"; };
		DB366D72DB643149F4D0617B /* Pods_recipeTests.framework */ = {isa = PBXFileReference; explicitFileType = wrapper.framework; includeInIndex = 0; path = Pods_recipeTests.framework; sourceTree = BUILT_PRODUCTS_DIR; };
		EF93A891DA2835FC5293896E /* Pods-recipe-recipeUITests.release.xcconfig */ = {isa = PBXFileReference; includeInIndex = 1; lastKnownFileType = text.xcconfig; name = "Pods-recipe-recipeUITests.release.xcconfig"; path = "Target Support Files/Pods-recipe-recipeUITests/Pods-recipe-recipeUITests.release.xcconfig"; sourceTree = "<group>"; };
/* End PBXFileReference section */

/* Begin PBXFrameworksBuildPhase section */
		928B40FB25AF8F6300F0634E /* Frameworks */ = {
			isa = PBXFrameworksBuildPhase;
			buildActionMask = 2147483647;
			files = (
				71947C347D89C7D3535B0BC8 /* Pods_recipe.framework in Frameworks */,
			);
			runOnlyForDeploymentPostprocessing = 0;
		};
		928B411125AF8F6600F0634E /* Frameworks */ = {
			isa = PBXFrameworksBuildPhase;
			buildActionMask = 2147483647;
			files = (
				F1384E10E0F97BE36AF6F739 /* Pods_recipeTests.framework in Frameworks */,
			);
			runOnlyForDeploymentPostprocessing = 0;
		};
		928B411C25AF8F6600F0634E /* Frameworks */ = {
			isa = PBXFrameworksBuildPhase;
			buildActionMask = 2147483647;
			files = (
				A1FD8FB0348CB6A159338577 /* Pods_recipe_recipeUITests.framework in Frameworks */,
			);
			runOnlyForDeploymentPostprocessing = 0;
		};
/* End PBXFrameworksBuildPhase section */

/* Begin PBXGroup section */
		359D63E480C8E4535BBD4E30 /* Frameworks */ = {
			isa = PBXGroup;
			children = (
				55C95B470926D7E9E091F465 /* Pods_recipe.framework */,
				167E64865996315C8497CD07 /* Pods_recipe_recipeUITests.framework */,
				DB366D72DB643149F4D0617B /* Pods_recipeTests.framework */,
			);
			name = Frameworks;
			sourceTree = "<group>";
		};
		44C128EE4B20E5BDB7FC3278 /* Pods */ = {
			isa = PBXGroup;
			children = (
				3AFC78D9C7C18BD7773F068F /* Pods-recipe.debug.xcconfig */,
				5FD63BAB3A6C5CC840510DEC /* Pods-recipe.release.xcconfig */,
				B3A555153B7166A0C07FB122 /* Pods-recipe-recipeUITests.debug.xcconfig */,
				EF93A891DA2835FC5293896E /* Pods-recipe-recipeUITests.release.xcconfig */,
				810E49942A30D1F7663B4A6F /* Pods-recipeTests.debug.xcconfig */,
				3368204A22693218DB104268 /* Pods-recipeTests.release.xcconfig */,
			);
			path = Pods;
			sourceTree = "<group>";
		};
		9285DF0825AFC04200E4AD2C /* Network */ = {
			isa = PBXGroup;
			children = (
				9285DF0925AFC06800E4AD2C /* Model */,
				9285DF1225AFC21800E4AD2C /* Network.swift */,
			);
			path = Network;
			sourceTree = "<group>";
		};
		9285DF0925AFC06800E4AD2C /* Model */ = {
			isa = PBXGroup;
			children = (
				9285DF0A25AFC07F00E4AD2C /* User.swift */,
			);
			path = Model;
			sourceTree = "<group>";
		};
		928B40F525AF8F6300F0634E = {
			isa = PBXGroup;
			children = (
				928B410025AF8F6300F0634E /* recipe */,
				928B411725AF8F6600F0634E /* recipeTests */,
				928B412225AF8F6600F0634E /* recipeUITests */,
				928B40FF25AF8F6300F0634E /* Products */,
				44C128EE4B20E5BDB7FC3278 /* Pods */,
				359D63E480C8E4535BBD4E30 /* Frameworks */,
			);
			sourceTree = "<group>";
		};
		928B40FF25AF8F6300F0634E /* Products */ = {
			isa = PBXGroup;
			children = (
				928B40FE25AF8F6300F0634E /* recipe.app */,
				928B411425AF8F6600F0634E /* recipeTests.xctest */,
				928B411F25AF8F6600F0634E /* recipeUITests.xctest */,
			);
			name = Products;
			sourceTree = "<group>";
		};
		928B410025AF8F6300F0634E /* recipe */ = {
			isa = PBXGroup;
			children = (
				9285DF0825AFC04200E4AD2C /* Network */,
				92F7C05325B0EBB000F5C3DA /* Sources */,
				928B410125AF8F6300F0634E /* AppDelegate.swift */,
				928B410325AF8F6300F0634E /* SceneDelegate.swift */,
				928B410525AF8F6300F0634E /* ViewController.swift */,
				928B410725AF8F6300F0634E /* Main.storyboard */,
				928B410A25AF8F6500F0634E /* Assets.xcassets */,
				928B410C25AF8F6500F0634E /* LaunchScreen.storyboard */,
				92BEEADB25AFB1F700D39411 /* GoogleService-Info.plist */,
				928B410F25AF8F6500F0634E /* Info.plist */,
			);
			path = recipe;
			sourceTree = "<group>";
		};
		928B411725AF8F6600F0634E /* recipeTests */ = {
			isa = PBXGroup;
			children = (
				928B411825AF8F6600F0634E /* recipeTests.swift */,
				928B411A25AF8F6600F0634E /* Info.plist */,
			);
			path = recipeTests;
			sourceTree = "<group>";
		};
		928B412225AF8F6600F0634E /* recipeUITests */ = {
			isa = PBXGroup;
			children = (
				928B412325AF8F6600F0634E /* recipeUITests.swift */,
				928B412525AF8F6600F0634E /* Info.plist */,
			);
			path = recipeUITests;
			sourceTree = "<group>";
		};
		929A073625B100DB00C47264 /* Login */ = {
			isa = PBXGroup;
			children = (
				929A073825B1012E00C47264 /* Sign In */,
				929A073725B1012500C47264 /* Register */,
			);
			path = Login;
			sourceTree = "<group>";
		};
		929A073725B1012500C47264 /* Register */ = {
			isa = PBXGroup;
			children = (
				929A074025B1018B00C47264 /* RegisterViewController.swift */,
				929A074125B1018B00C47264 /* RegisterViewController.xib */,
			);
			path = Register;
			sourceTree = "<group>";
		};
		929A073825B1012E00C47264 /* Sign In */ = {
			isa = PBXGroup;
			children = (
				929A073925B1016B00C47264 /* LoginViewController.swift */,
				929A073A25B1016B00C47264 /* LoginViewController.xib */,
			);
			path = "Sign In";
			sourceTree = "<group>";
		};
		92F7C05325B0EBB000F5C3DA /* Sources */ = {
			isa = PBXGroup;
			children = (
				92F7C05425B0EBCF00F5C3DA /* Models */,
				92F7C05525B0EBD900F5C3DA /* Modules */,
			);
			path = Sources;
			sourceTree = "<group>";
		};
		92F7C05425B0EBCF00F5C3DA /* Models */ = {
			isa = PBXGroup;
			children = (
			);
			path = Models;
			sourceTree = "<group>";
		};
		92F7C05525B0EBD900F5C3DA /* Modules */ = {
			isa = PBXGroup;
			children = (
				929A073625B100DB00C47264 /* Login */,
			);
			path = Modules;
			sourceTree = "<group>";
		};
/* End PBXGroup section */

/* Begin PBXNativeTarget section */
		928B40FD25AF8F6300F0634E /* recipe */ = {
			isa = PBXNativeTarget;
			buildConfigurationList = 928B412825AF8F6600F0634E /* Build configuration list for PBXNativeTarget "recipe" */;
			buildPhases = (
				7ACC7094516D77368FE0FEFA /* [CP] Check Pods Manifest.lock */,
				928B40FA25AF8F6300F0634E /* Sources */,
				928B40FB25AF8F6300F0634E /* Frameworks */,
				928B40FC25AF8F6300F0634E /* Resources */,
				2F23093290046A4F2A11AEDC /* [CP] Embed Pods Frameworks */,
			);
			buildRules = (
			);
			dependencies = (
			);
			name = recipe;
			productName = recipe;
			productReference = 928B40FE25AF8F6300F0634E /* recipe.app */;
			productType = "com.apple.product-type.application";
		};
		928B411325AF8F6600F0634E /* recipeTests */ = {
			isa = PBXNativeTarget;
			buildConfigurationList = 928B412B25AF8F6600F0634E /* Build configuration list for PBXNativeTarget "recipeTests" */;
			buildPhases = (
				35CCAC03F884409DDAD9370D /* [CP] Check Pods Manifest.lock */,
				928B411025AF8F6600F0634E /* Sources */,
				928B411125AF8F6600F0634E /* Frameworks */,
				928B411225AF8F6600F0634E /* Resources */,
			);
			buildRules = (
			);
			dependencies = (
				928B411625AF8F6600F0634E /* PBXTargetDependency */,
			);
			name = recipeTests;
			productName = recipeTests;
			productReference = 928B411425AF8F6600F0634E /* recipeTests.xctest */;
			productType = "com.apple.product-type.bundle.unit-test";
		};
		928B411E25AF8F6600F0634E /* recipeUITests */ = {
			isa = PBXNativeTarget;
			buildConfigurationList = 928B412E25AF8F6600F0634E /* Build configuration list for PBXNativeTarget "recipeUITests" */;
			buildPhases = (
				58458EECC23D1BA00EFB4437 /* [CP] Check Pods Manifest.lock */,
				928B411B25AF8F6600F0634E /* Sources */,
				928B411C25AF8F6600F0634E /* Frameworks */,
				928B411D25AF8F6600F0634E /* Resources */,
				943E7FDFA0CFBD4E53AFE14F /* [CP] Embed Pods Frameworks */,
			);
			buildRules = (
			);
			dependencies = (
				928B412125AF8F6600F0634E /* PBXTargetDependency */,
			);
			name = recipeUITests;
			productName = recipeUITests;
			productReference = 928B411F25AF8F6600F0634E /* recipeUITests.xctest */;
			productType = "com.apple.product-type.bundle.ui-testing";
		};
/* End PBXNativeTarget section */

/* Begin PBXProject section */
		928B40F625AF8F6300F0634E /* Project object */ = {
			isa = PBXProject;
			attributes = {
				LastSwiftUpdateCheck = 1220;
				LastUpgradeCheck = 1220;
				TargetAttributes = {
					928B40FD25AF8F6300F0634E = {
						CreatedOnToolsVersion = 12.2;
					};
					928B411325AF8F6600F0634E = {
						CreatedOnToolsVersion = 12.2;
						TestTargetID = 928B40FD25AF8F6300F0634E;
					};
					928B411E25AF8F6600F0634E = {
						CreatedOnToolsVersion = 12.2;
						TestTargetID = 928B40FD25AF8F6300F0634E;
					};
				};
			};
			buildConfigurationList = 928B40F925AF8F6300F0634E /* Build configuration list for PBXProject "recipe" */;
			compatibilityVersion = "Xcode 9.3";
			developmentRegion = en;
			hasScannedForEncodings = 0;
			knownRegions = (
				en,
				Base,
			);
			mainGroup = 928B40F525AF8F6300F0634E;
			productRefGroup = 928B40FF25AF8F6300F0634E /* Products */;
			projectDirPath = "";
			projectRoot = "";
			targets = (
				928B40FD25AF8F6300F0634E /* recipe */,
				928B411325AF8F6600F0634E /* recipeTests */,
				928B411E25AF8F6600F0634E /* recipeUITests */,
			);
		};
/* End PBXProject section */

/* Begin PBXResourcesBuildPhase section */
		928B40FC25AF8F6300F0634E /* Resources */ = {
			isa = PBXResourcesBuildPhase;
			buildActionMask = 2147483647;
			files = (
				929A073C25B1016B00C47264 /* LoginViewController.xib in Resources */,
				928B410E25AF8F6500F0634E /* LaunchScreen.storyboard in Resources */,
				92BEEADC25AFB1F700D39411 /* GoogleService-Info.plist in Resources */,
				928B410B25AF8F6500F0634E /* Assets.xcassets in Resources */,
				928B410925AF8F6300F0634E /* Main.storyboard in Resources */,
				929A074325B1018C00C47264 /* RegisterViewController.xib in Resources */,
			);
			runOnlyForDeploymentPostprocessing = 0;
		};
		928B411225AF8F6600F0634E /* Resources */ = {
			isa = PBXResourcesBuildPhase;
			buildActionMask = 2147483647;
			files = (
			);
			runOnlyForDeploymentPostprocessing = 0;
		};
		928B411D25AF8F6600F0634E /* Resources */ = {
			isa = PBXResourcesBuildPhase;
			buildActionMask = 2147483647;
			files = (
			);
			runOnlyForDeploymentPostprocessing = 0;
		};
/* End PBXResourcesBuildPhase section */

/* Begin PBXShellScriptBuildPhase section */
		2F23093290046A4F2A11AEDC /* [CP] Embed Pods Frameworks */ = {
			isa = PBXShellScriptBuildPhase;
			buildActionMask = 2147483647;
			files = (
			);
			inputFileListPaths = (
				"${PODS_ROOT}/Target Support Files/Pods-recipe/Pods-recipe-frameworks-${CONFIGURATION}-input-files.xcfilelist",
			);
			name = "[CP] Embed Pods Frameworks";
			outputFileListPaths = (
				"${PODS_ROOT}/Target Support Files/Pods-recipe/Pods-recipe-frameworks-${CONFIGURATION}-output-files.xcfilelist",
			);
			runOnlyForDeploymentPostprocessing = 0;
			shellPath = /bin/sh;
			shellScript = "\"${PODS_ROOT}/Target Support Files/Pods-recipe/Pods-recipe-frameworks.sh\"\n";
			showEnvVarsInLog = 0;
		};
		35CCAC03F884409DDAD9370D /* [CP] Check Pods Manifest.lock */ = {
			isa = PBXShellScriptBuildPhase;
			buildActionMask = 2147483647;
			files = (
			);
			inputFileListPaths = (
			);
			inputPaths = (
				"${PODS_PODFILE_DIR_PATH}/Podfile.lock",
				"${PODS_ROOT}/Manifest.lock",
			);
			name = "[CP] Check Pods Manifest.lock";
			outputFileListPaths = (
			);
			outputPaths = (
				"$(DERIVED_FILE_DIR)/Pods-recipeTests-checkManifestLockResult.txt",
			);
			runOnlyForDeploymentPostprocessing = 0;
			shellPath = /bin/sh;
			shellScript = "diff \"${PODS_PODFILE_DIR_PATH}/Podfile.lock\" \"${PODS_ROOT}/Manifest.lock\" > /dev/null\nif [ $? != 0 ] ; then\n    # print error to STDERR\n    echo \"error: The sandbox is not in sync with the Podfile.lock. Run 'pod install' or update your CocoaPods installation.\" >&2\n    exit 1\nfi\n# This output is used by Xcode 'outputs' to avoid re-running this script phase.\necho \"SUCCESS\" > \"${SCRIPT_OUTPUT_FILE_0}\"\n";
			showEnvVarsInLog = 0;
		};
		58458EECC23D1BA00EFB4437 /* [CP] Check Pods Manifest.lock */ = {
			isa = PBXShellScriptBuildPhase;
			buildActionMask = 2147483647;
			files = (
			);
			inputFileListPaths = (
			);
			inputPaths = (
				"${PODS_PODFILE_DIR_PATH}/Podfile.lock",
				"${PODS_ROOT}/Manifest.lock",
			);
			name = "[CP] Check Pods Manifest.lock";
			outputFileListPaths = (
			);
			outputPaths = (
				"$(DERIVED_FILE_DIR)/Pods-recipe-recipeUITests-checkManifestLockResult.txt",
			);
			runOnlyForDeploymentPostprocessing = 0;
			shellPath = /bin/sh;
			shellScript = "diff \"${PODS_PODFILE_DIR_PATH}/Podfile.lock\" \"${PODS_ROOT}/Manifest.lock\" > /dev/null\nif [ $? != 0 ] ; then\n    # print error to STDERR\n    echo \"error: The sandbox is not in sync with the Podfile.lock. Run 'pod install' or update your CocoaPods installation.\" >&2\n    exit 1\nfi\n# This output is used by Xcode 'outputs' to avoid re-running this script phase.\necho \"SUCCESS\" > \"${SCRIPT_OUTPUT_FILE_0}\"\n";
			showEnvVarsInLog = 0;
		};
		7ACC7094516D77368FE0FEFA /* [CP] Check Pods Manifest.lock */ = {
			isa = PBXShellScriptBuildPhase;
			buildActionMask = 2147483647;
			files = (
			);
			inputFileListPaths = (
			);
			inputPaths = (
				"${PODS_PODFILE_DIR_PATH}/Podfile.lock",
				"${PODS_ROOT}/Manifest.lock",
			);
			name = "[CP] Check Pods Manifest.lock";
			outputFileListPaths = (
			);
			outputPaths = (
				"$(DERIVED_FILE_DIR)/Pods-recipe-checkManifestLockResult.txt",
			);
			runOnlyForDeploymentPostprocessing = 0;
			shellPath = /bin/sh;
			shellScript = "diff \"${PODS_PODFILE_DIR_PATH}/Podfile.lock\" \"${PODS_ROOT}/Manifest.lock\" > /dev/null\nif [ $? != 0 ] ; then\n    # print error to STDERR\n    echo \"error: The sandbox is not in sync with the Podfile.lock. Run 'pod install' or update your CocoaPods installation.\" >&2\n    exit 1\nfi\n# This output is used by Xcode 'outputs' to avoid re-running this script phase.\necho \"SUCCESS\" > \"${SCRIPT_OUTPUT_FILE_0}\"\n";
			showEnvVarsInLog = 0;
		};
		943E7FDFA0CFBD4E53AFE14F /* [CP] Embed Pods Frameworks */ = {
			isa = PBXShellScriptBuildPhase;
			buildActionMask = 2147483647;
			files = (
			);
			inputFileListPaths = (
				"${PODS_ROOT}/Target Support Files/Pods-recipe-recipeUITests/Pods-recipe-recipeUITests-frameworks-${CONFIGURATION}-input-files.xcfilelist",
			);
			name = "[CP] Embed Pods Frameworks";
			outputFileListPaths = (
				"${PODS_ROOT}/Target Support Files/Pods-recipe-recipeUITests/Pods-recipe-recipeUITests-frameworks-${CONFIGURATION}-output-files.xcfilelist",
			);
			runOnlyForDeploymentPostprocessing = 0;
			shellPath = /bin/sh;
			shellScript = "\"${PODS_ROOT}/Target Support Files/Pods-recipe-recipeUITests/Pods-recipe-recipeUITests-frameworks.sh\"\n";
			showEnvVarsInLog = 0;
		};
/* End PBXShellScriptBuildPhase section */

/* Begin PBXSourcesBuildPhase section */
		928B40FA25AF8F6300F0634E /* Sources */ = {
			isa = PBXSourcesBuildPhase;
			buildActionMask = 2147483647;
			files = (
				929A073B25B1016B00C47264 /* LoginViewController.swift in Sources */,
				9285DF1325AFC21800E4AD2C /* Network.swift in Sources */,
				929A074225B1018B00C47264 /* RegisterViewController.swift in Sources */,
				9285DF0B25AFC07F00E4AD2C /* User.swift in Sources */,
				928B410625AF8F6300F0634E /* ViewController.swift in Sources */,
				928B410225AF8F6300F0634E /* AppDelegate.swift in Sources */,
				928B410425AF8F6300F0634E /* SceneDelegate.swift in Sources */,
			);
			runOnlyForDeploymentPostprocessing = 0;
		};
		928B411025AF8F6600F0634E /* Sources */ = {
			isa = PBXSourcesBuildPhase;
			buildActionMask = 2147483647;
			files = (
				928B411925AF8F6600F0634E /* recipeTests.swift in Sources */,
			);
			runOnlyForDeploymentPostprocessing = 0;
		};
		928B411B25AF8F6600F0634E /* Sources */ = {
			isa = PBXSourcesBuildPhase;
			buildActionMask = 2147483647;
			files = (
				928B412425AF8F6600F0634E /* recipeUITests.swift in Sources */,
			);
			runOnlyForDeploymentPostprocessing = 0;
		};
/* End PBXSourcesBuildPhase section */

/* Begin PBXTargetDependency section */
		928B411625AF8F6600F0634E /* PBXTargetDependency */ = {
			isa = PBXTargetDependency;
			target = 928B40FD25AF8F6300F0634E /* recipe */;
			targetProxy = 928B411525AF8F6600F0634E /* PBXContainerItemProxy */;
		};
		928B412125AF8F6600F0634E /* PBXTargetDependency */ = {
			isa = PBXTargetDependency;
			target = 928B40FD25AF8F6300F0634E /* recipe */;
			targetProxy = 928B412025AF8F6600F0634E /* PBXContainerItemProxy */;
		};
/* End PBXTargetDependency section */

/* Begin PBXVariantGroup section */
		928B410725AF8F6300F0634E /* Main.storyboard */ = {
			isa = PBXVariantGroup;
			children = (
				928B410825AF8F6300F0634E /* Base */,
			);
			name = Main.storyboard;
			sourceTree = "<group>";
		};
		928B410C25AF8F6500F0634E /* LaunchScreen.storyboard */ = {
			isa = PBXVariantGroup;
			children = (
				928B410D25AF8F6500F0634E /* Base */,
			);
			name = LaunchScreen.storyboard;
			sourceTree = "<group>";
		};
/* End PBXVariantGroup section */

/* Begin XCBuildConfiguration section */
		928B412625AF8F6600F0634E /* Debug */ = {
			isa = XCBuildConfiguration;
			buildSettings = {
				ALWAYS_SEARCH_USER_PATHS = NO;
				CLANG_ANALYZER_NONNULL = YES;
				CLANG_ANALYZER_NUMBER_OBJECT_CONVERSION = YES_AGGRESSIVE;
				CLANG_CXX_LANGUAGE_STANDARD = "gnu++14";
				CLANG_CXX_LIBRARY = "libc++";
				CLANG_ENABLE_MODULES = YES;
				CLANG_ENABLE_OBJC_ARC = YES;
				CLANG_ENABLE_OBJC_WEAK = YES;
				CLANG_WARN_BLOCK_CAPTURE_AUTORELEASING = YES;
				CLANG_WARN_BOOL_CONVERSION = YES;
				CLANG_WARN_COMMA = YES;
				CLANG_WARN_CONSTANT_CONVERSION = YES;
				CLANG_WARN_DEPRECATED_OBJC_IMPLEMENTATIONS = YES;
				CLANG_WARN_DIRECT_OBJC_ISA_USAGE = YES_ERROR;
				CLANG_WARN_DOCUMENTATION_COMMENTS = YES;
				CLANG_WARN_EMPTY_BODY = YES;
				CLANG_WARN_ENUM_CONVERSION = YES;
				CLANG_WARN_INFINITE_RECURSION = YES;
				CLANG_WARN_INT_CONVERSION = YES;
				CLANG_WARN_NON_LITERAL_NULL_CONVERSION = YES;
				CLANG_WARN_OBJC_IMPLICIT_RETAIN_SELF = YES;
				CLANG_WARN_OBJC_LITERAL_CONVERSION = YES;
				CLANG_WARN_OBJC_ROOT_CLASS = YES_ERROR;
				CLANG_WARN_QUOTED_INCLUDE_IN_FRAMEWORK_HEADER = YES;
				CLANG_WARN_RANGE_LOOP_ANALYSIS = YES;
				CLANG_WARN_STRICT_PROTOTYPES = YES;
				CLANG_WARN_SUSPICIOUS_MOVE = YES;
				CLANG_WARN_UNGUARDED_AVAILABILITY = YES_AGGRESSIVE;
				CLANG_WARN_UNREACHABLE_CODE = YES;
				CLANG_WARN__DUPLICATE_METHOD_MATCH = YES;
				COPY_PHASE_STRIP = NO;
				DEBUG_INFORMATION_FORMAT = dwarf;
				ENABLE_STRICT_OBJC_MSGSEND = YES;
				ENABLE_TESTABILITY = YES;
				GCC_C_LANGUAGE_STANDARD = gnu11;
				GCC_DYNAMIC_NO_PIC = NO;
				GCC_NO_COMMON_BLOCKS = YES;
				GCC_OPTIMIZATION_LEVEL = 0;
				GCC_PREPROCESSOR_DEFINITIONS = (
					"DEBUG=1",
					"$(inherited)",
				);
				GCC_WARN_64_TO_32_BIT_CONVERSION = YES;
				GCC_WARN_ABOUT_RETURN_TYPE = YES_ERROR;
				GCC_WARN_UNDECLARED_SELECTOR = YES;
				GCC_WARN_UNINITIALIZED_AUTOS = YES_AGGRESSIVE;
				GCC_WARN_UNUSED_FUNCTION = YES;
				GCC_WARN_UNUSED_VARIABLE = YES;
				IPHONEOS_DEPLOYMENT_TARGET = 14.2;
				MTL_ENABLE_DEBUG_INFO = INCLUDE_SOURCE;
				MTL_FAST_MATH = YES;
				ONLY_ACTIVE_ARCH = YES;
				SDKROOT = iphoneos;
				SWIFT_ACTIVE_COMPILATION_CONDITIONS = DEBUG;
				SWIFT_OPTIMIZATION_LEVEL = "-Onone";
			};
			name = Debug;
		};
		928B412725AF8F6600F0634E /* Release */ = {
			isa = XCBuildConfiguration;
			buildSettings = {
				ALWAYS_SEARCH_USER_PATHS = NO;
				CLANG_ANALYZER_NONNULL = YES;
				CLANG_ANALYZER_NUMBER_OBJECT_CONVERSION = YES_AGGRESSIVE;
				CLANG_CXX_LANGUAGE_STANDARD = "gnu++14";
				CLANG_CXX_LIBRARY = "libc++";
				CLANG_ENABLE_MODULES = YES;
				CLANG_ENABLE_OBJC_ARC = YES;
				CLANG_ENABLE_OBJC_WEAK = YES;
				CLANG_WARN_BLOCK_CAPTURE_AUTORELEASING = YES;
				CLANG_WARN_BOOL_CONVERSION = YES;
				CLANG_WARN_COMMA = YES;
				CLANG_WARN_CONSTANT_CONVERSION = YES;
				CLANG_WARN_DEPRECATED_OBJC_IMPLEMENTATIONS = YES;
				CLANG_WARN_DIRECT_OBJC_ISA_USAGE = YES_ERROR;
				CLANG_WARN_DOCUMENTATION_COMMENTS = YES;
				CLANG_WARN_EMPTY_BODY = YES;
				CLANG_WARN_ENUM_CONVERSION = YES;
				CLANG_WARN_INFINITE_RECURSION = YES;
				CLANG_WARN_INT_CONVERSION = YES;
				CLANG_WARN_NON_LITERAL_NULL_CONVERSION = YES;
				CLANG_WARN_OBJC_IMPLICIT_RETAIN_SELF = YES;
				CLANG_WARN_OBJC_LITERAL_CONVERSION = YES;
				CLANG_WARN_OBJC_ROOT_CLASS = YES_ERROR;
				CLANG_WARN_QUOTED_INCLUDE_IN_FRAMEWORK_HEADER = YES;
				CLANG_WARN_RANGE_LOOP_ANALYSIS = YES;
				CLANG_WARN_STRICT_PROTOTYPES = YES;
				CLANG_WARN_SUSPICIOUS_MOVE = YES;
				CLANG_WARN_UNGUARDED_AVAILABILITY = YES_AGGRESSIVE;
				CLANG_WARN_UNREACHABLE_CODE = YES;
				CLANG_WARN__DUPLICATE_METHOD_MATCH = YES;
				COPY_PHASE_STRIP = NO;
				DEBUG_INFORMATION_FORMAT = "dwarf-with-dsym";
				ENABLE_NS_ASSERTIONS = NO;
				ENABLE_STRICT_OBJC_MSGSEND = YES;
				GCC_C_LANGUAGE_STANDARD = gnu11;
				GCC_NO_COMMON_BLOCKS = YES;
				GCC_WARN_64_TO_32_BIT_CONVERSION = YES;
				GCC_WARN_ABOUT_RETURN_TYPE = YES_ERROR;
				GCC_WARN_UNDECLARED_SELECTOR = YES;
				GCC_WARN_UNINITIALIZED_AUTOS = YES_AGGRESSIVE;
				GCC_WARN_UNUSED_FUNCTION = YES;
				GCC_WARN_UNUSED_VARIABLE = YES;
				IPHONEOS_DEPLOYMENT_TARGET = 14.2;
				MTL_ENABLE_DEBUG_INFO = NO;
				MTL_FAST_MATH = YES;
				SDKROOT = iphoneos;
				SWIFT_COMPILATION_MODE = wholemodule;
				SWIFT_OPTIMIZATION_LEVEL = "-O";
				VALIDATE_PRODUCT = YES;
			};
			name = Release;
		};
		928B412925AF8F6600F0634E /* Debug */ = {
			isa = XCBuildConfiguration;
			baseConfigurationReference = 3AFC78D9C7C18BD7773F068F /* Pods-recipe.debug.xcconfig */;
			buildSettings = {
				ASSETCATALOG_COMPILER_APPICON_NAME = AppIcon;
				ASSETCATALOG_COMPILER_GLOBAL_ACCENT_COLOR_NAME = AccentColor;
				CODE_SIGN_STYLE = Automatic;
				DEVELOPMENT_TEAM = N8AN855MLL;
				INFOPLIST_FILE = recipe/Info.plist;
				LD_RUNPATH_SEARCH_PATHS = (
					"$(inherited)",
					"@executable_path/Frameworks",
				);
				PRODUCT_BUNDLE_IDENTIFIER = junior.fernandes.recipe;
				PRODUCT_NAME = "$(TARGET_NAME)";
				SWIFT_VERSION = 5.0;
				TARGETED_DEVICE_FAMILY = "1,2";
			};
			name = Debug;
		};
		928B412A25AF8F6600F0634E /* Release */ = {
			isa = XCBuildConfiguration;
			baseConfigurationReference = 5FD63BAB3A6C5CC840510DEC /* Pods-recipe.release.xcconfig */;
			buildSettings = {
				ASSETCATALOG_COMPILER_APPICON_NAME = AppIcon;
				ASSETCATALOG_COMPILER_GLOBAL_ACCENT_COLOR_NAME = AccentColor;
				CODE_SIGN_STYLE = Automatic;
				DEVELOPMENT_TEAM = N8AN855MLL;
				INFOPLIST_FILE = recipe/Info.plist;
				LD_RUNPATH_SEARCH_PATHS = (
					"$(inherited)",
					"@executable_path/Frameworks",
				);
				PRODUCT_BUNDLE_IDENTIFIER = junior.fernandes.recipe;
				PRODUCT_NAME = "$(TARGET_NAME)";
				SWIFT_VERSION = 5.0;
				TARGETED_DEVICE_FAMILY = "1,2";
			};
			name = Release;
		};
		928B412C25AF8F6600F0634E /* Debug */ = {
			isa = XCBuildConfiguration;
			baseConfigurationReference = 810E49942A30D1F7663B4A6F /* Pods-recipeTests.debug.xcconfig */;
			buildSettings = {
				ALWAYS_EMBED_SWIFT_STANDARD_LIBRARIES = YES;
				BUNDLE_LOADER = "$(TEST_HOST)";
				CODE_SIGN_STYLE = Automatic;
				DEVELOPMENT_TEAM = N8AN855MLL;
				INFOPLIST_FILE = recipeTests/Info.plist;
				IPHONEOS_DEPLOYMENT_TARGET = 14.2;
				LD_RUNPATH_SEARCH_PATHS = (
					"$(inherited)",
					"@executable_path/Frameworks",
					"@loader_path/Frameworks",
				);
				PRODUCT_BUNDLE_IDENTIFIER = junior.fernandes.recipeTests;
				PRODUCT_NAME = "$(TARGET_NAME)";
				SWIFT_VERSION = 5.0;
				TARGETED_DEVICE_FAMILY = "1,2";
				TEST_HOST = "$(BUILT_PRODUCTS_DIR)/recipe.app/recipe";
			};
			name = Debug;
		};
		928B412D25AF8F6600F0634E /* Release */ = {
			isa = XCBuildConfiguration;
			baseConfigurationReference = 3368204A22693218DB104268 /* Pods-recipeTests.release.xcconfig */;
			buildSettings = {
				ALWAYS_EMBED_SWIFT_STANDARD_LIBRARIES = YES;
				BUNDLE_LOADER = "$(TEST_HOST)";
				CODE_SIGN_STYLE = Automatic;
				DEVELOPMENT_TEAM = N8AN855MLL;
				INFOPLIST_FILE = recipeTests/Info.plist;
				IPHONEOS_DEPLOYMENT_TARGET = 14.2;
				LD_RUNPATH_SEARCH_PATHS = (
					"$(inherited)",
					"@executable_path/Frameworks",
					"@loader_path/Frameworks",
				);
				PRODUCT_BUNDLE_IDENTIFIER = junior.fernandes.recipeTests;
				PRODUCT_NAME = "$(TARGET_NAME)";
				SWIFT_VERSION = 5.0;
				TARGETED_DEVICE_FAMILY = "1,2";
				TEST_HOST = "$(BUILT_PRODUCTS_DIR)/recipe.app/recipe";
			};
			name = Release;
		};
		928B412F25AF8F6600F0634E /* Debug */ = {
			isa = XCBuildConfiguration;
			baseConfigurationReference = B3A555153B7166A0C07FB122 /* Pods-recipe-recipeUITests.debug.xcconfig */;
			buildSettings = {
				ALWAYS_EMBED_SWIFT_STANDARD_LIBRARIES = YES;
				CODE_SIGN_STYLE = Automatic;
				DEVELOPMENT_TEAM = N8AN855MLL;
				INFOPLIST_FILE = recipeUITests/Info.plist;
				LD_RUNPATH_SEARCH_PATHS = (
					"$(inherited)",
					"@executable_path/Frameworks",
					"@loader_path/Frameworks",
				);
				PRODUCT_BUNDLE_IDENTIFIER = junior.fernandes.recipeUITests;
				PRODUCT_NAME = "$(TARGET_NAME)";
				SWIFT_VERSION = 5.0;
				TARGETED_DEVICE_FAMILY = "1,2";
				TEST_TARGET_NAME = recipe;
			};
			name = Debug;
		};
		928B413025AF8F6600F0634E /* Release */ = {
			isa = XCBuildConfiguration;
			baseConfigurationReference = EF93A891DA2835FC5293896E /* Pods-recipe-recipeUITests.release.xcconfig */;
			buildSettings = {
				ALWAYS_EMBED_SWIFT_STANDARD_LIBRARIES = YES;
				CODE_SIGN_STYLE = Automatic;
				DEVELOPMENT_TEAM = N8AN855MLL;
				INFOPLIST_FILE = recipeUITests/Info.plist;
				LD_RUNPATH_SEARCH_PATHS = (
					"$(inherited)",
					"@executable_path/Frameworks",
					"@loader_path/Frameworks",
				);
				PRODUCT_BUNDLE_IDENTIFIER = junior.fernandes.recipeUITests;
				PRODUCT_NAME = "$(TARGET_NAME)";
				SWIFT_VERSION = 5.0;
				TARGETED_DEVICE_FAMILY = "1,2";
				TEST_TARGET_NAME = recipe;
			};
			name = Release;
		};
/* End XCBuildConfiguration section */

/* Begin XCConfigurationList section */
		928B40F925AF8F6300F0634E /* Build configuration list for PBXProject "recipe" */ = {
			isa = XCConfigurationList;
			buildConfigurations = (
				928B412625AF8F6600F0634E /* Debug */,
				928B412725AF8F6600F0634E /* Release */,
			);
			defaultConfigurationIsVisible = 0;
			defaultConfigurationName = Release;
		};
		928B412825AF8F6600F0634E /* Build configuration list for PBXNativeTarget "recipe" */ = {
			isa = XCConfigurationList;
			buildConfigurations = (
				928B412925AF8F6600F0634E /* Debug */,
				928B412A25AF8F6600F0634E /* Release */,
			);
			defaultConfigurationIsVisible = 0;
			defaultConfigurationName = Release;
		};
		928B412B25AF8F6600F0634E /* Build configuration list for PBXNativeTarget "recipeTests" */ = {
			isa = XCConfigurationList;
			buildConfigurations = (
				928B412C25AF8F6600F0634E /* Debug */,
				928B412D25AF8F6600F0634E /* Release */,
			);
			defaultConfigurationIsVisible = 0;
			defaultConfigurationName = Release;
		};
		928B412E25AF8F6600F0634E /* Build configuration list for PBXNativeTarget "recipeUITests" */ = {
			isa = XCConfigurationList;
			buildConfigurations = (
				928B412F25AF8F6600F0634E /* Debug */,
				928B413025AF8F6600F0634E /* Release */,
			);
			defaultConfigurationIsVisible = 0;
			defaultConfigurationName = Release;
		};
/* End XCConfigurationList section */
	};
	rootObject = 928B40F625AF8F6300F0634E /* Project object */;
}
